// !$*UTF8*$!
{
	archiveVersion = 1;
	classes = {
	};
	objectVersion = 50;
	objects = {

/* Begin PBXBuildFile section */
		D7CBA3232321BBE300D9D738 /* AppDelegate.swift in Sources */ = {isa = PBXBuildFile; fileRef = D7CBA3222321BBE300D9D738 /* AppDelegate.swift */; };
		D7CBA3252321BBE300D9D738 /* ViewController.swift in Sources */ = {isa = PBXBuildFile; fileRef = D7CBA3242321BBE300D9D738 /* ViewController.swift */; };
		D7CBA32A2321BBE500D9D738 /* Assets.xcassets in Resources */ = {isa = PBXBuildFile; fileRef = D7CBA3292321BBE500D9D738 /* Assets.xcassets */; };
		D7CBA32D2321BBE500D9D738 /* LaunchScreen.storyboard in Resources */ = {isa = PBXBuildFile; fileRef = D7CBA32B2321BBE500D9D738 /* LaunchScreen.storyboard */; };
		D7CBA3352321BD8000D9D738 /* SecondViewController.swift in Sources */ = {isa = PBXBuildFile; fileRef = D7CBA3342321BD8000D9D738 /* SecondViewController.swift */; };
		D7CBA3382321BE5B00D9D738 /* Interactor.swift in Sources */ = {isa = PBXBuildFile; fileRef = D7CBA3372321BE5B00D9D738 /* Interactor.swift */; };
		D7CBA33A2321BE9500D9D738 /* DismissAnimation.swift in Sources */ = {isa = PBXBuildFile; fileRef = D7CBA3392321BE9500D9D738 /* DismissAnimation.swift */; };
		D7CBA33C2321BEC400D9D738 /* PresentAnimation.swift in Sources */ = {isa = PBXBuildFile; fileRef = D7CBA33B2321BEC400D9D738 /* PresentAnimation.swift */; };
/* End PBXBuildFile section */

/* Begin PBXFileReference section */
		D7CBA31F2321BBE300D9D738 /* ModalyCustomTransition.app */ = {isa = PBXFileReference; explicitFileType = wrapper.application; includeInIndex = 0; path = ModalyCustomTransition.app; sourceTree = BUILT_PRODUCTS_DIR; };
		D7CBA3222321BBE300D9D738 /* AppDelegate.swift */ = {isa = PBXFileReference; lastKnownFileType = sourcecode.swift; path = AppDelegate.swift; sourceTree = "<group>"; };
		D7CBA3242321BBE300D9D738 /* ViewController.swift */ = {isa = PBXFileReference; lastKnownFileType = sourcecode.swift; path = ViewController.swift; sourceTree = "<group>"; };
		D7CBA3292321BBE500D9D738 /* Assets.xcassets */ = {isa = PBXFileReference; lastKnownFileType = folder.assetcatalog; path = Assets.xcassets; sourceTree = "<group>"; };
		D7CBA32C2321BBE500D9D738 /* Base */ = {isa = PBXFileReference; lastKnownFileType = file.storyboard; name = Base; path = Base.lproj/LaunchScreen.storyboard; sourceTree = "<group>"; };
		D7CBA32E2321BBE500D9D738 /* Info.plist */ = {isa = PBXFileReference; lastKnownFileType = text.plist.xml; path = Info.plist; sourceTree = "<group>"; };
		D7CBA3342321BD8000D9D738 /* SecondViewController.swift */ = {isa = PBXFileReference; lastKnownFileType = sourcecode.swift; path = SecondViewController.swift; sourceTree = "<group>"; };
		D7CBA3372321BE5B00D9D738 /* Interactor.swift */ = {isa = PBXFileReference; lastKnownFileType = sourcecode.swift; path = Interactor.swift; sourceTree = "<group>"; };
		D7CBA3392321BE9500D9D738 /* DismissAnimation.swift */ = {isa = PBXFileReference; lastKnownFileType = sourcecode.swift; path = DismissAnimation.swift; sourceTree = "<group>"; };
		D7CBA33B2321BEC400D9D738 /* PresentAnimation.swift */ = {isa = PBXFileReference; lastKnownFileType = sourcecode.swift; path = PresentAnimation.swift; sourceTree = "<group>"; };
/* End PBXFileReference section */

/* Begin PBXFrameworksBuildPhase section */
		D7CBA31C2321BBE300D9D738 /* Frameworks */ = {
			isa = PBXFrameworksBuildPhase;
			buildActionMask = 2147483647;
			files = (
			);
			runOnlyForDeploymentPostprocessing = 0;
		};
/* End PBXFrameworksBuildPhase section */

/* Begin PBXGroup section */
		D7CBA3162321BBE300D9D738 = {
			isa = PBXGroup;
			children = (
				D7CBA3212321BBE300D9D738 /* ModalyCustomTransition */,
				D7CBA3202321BBE300D9D738 /* Products */,
			);
			sourceTree = "<group>";
		};
		D7CBA3202321BBE300D9D738 /* Products */ = {
			isa = PBXGroup;
			children = (
				D7CBA31F2321BBE300D9D738 /* ModalyCustomTransition.app */,
			);
			name = Products;
			sourceTree = "<group>";
		};
		D7CBA3212321BBE300D9D738 /* ModalyCustomTransition */ = {
			isa = PBXGroup;
			children = (
				D7CBA3222321BBE300D9D738 /* AppDelegate.swift */,
				D7CBA3242321BBE300D9D738 /* ViewController.swift */,
				D7CBA3342321BD8000D9D738 /* SecondViewController.swift */,
				D7CBA3292321BBE500D9D738 /* Assets.xcassets */,
				D7CBA3362321BE3900D9D738 /* CustomTransition */,
				D7CBA32B2321BBE500D9D738 /* LaunchScreen.storyboard */,
				D7CBA32E2321BBE500D9D738 /* Info.plist */,
			);
			path = ModalyCustomTransition;
			sourceTree = "<group>";
		};
		D7CBA3362321BE3900D9D738 /* CustomTransition */ = {
			isa = PBXGroup;
			children = (
				D7CBA3372321BE5B00D9D738 /* Interactor.swift */,
				D7CBA3392321BE9500D9D738 /* DismissAnimation.swift */,
				D7CBA33B2321BEC400D9D738 /* PresentAnimation.swift */,
			);
			path = CustomTransition;
			sourceTree = "<group>";
		};
/* End PBXGroup section */

/* Begin PBXNativeTarget section */
		D7CBA31E2321BBE300D9D738 /* ModalyCustomTransition */ = {
			isa = PBXNativeTarget;
			buildConfigurationList = D7CBA3312321BBE500D9D738 /* Build configuration list for PBXNativeTarget "ModalyCustomTransition" */;
			buildPhases = (
				D7CBA31B2321BBE300D9D738 /* Sources */,
				D7CBA31C2321BBE300D9D738 /* Frameworks */,
				D7CBA31D2321BBE300D9D738 /* Resources */,
			);
			buildRules = (
			);
			dependencies = (
			);
			name = ModalyCustomTransition;
			productName = ModalyCustomTransition;
			productReference = D7CBA31F2321BBE300D9D738 /* ModalyCustomTransition.app */;
			productType = "com.apple.product-type.application";
		};
/* End PBXNativeTarget section */

/* Begin PBXProject section */
		D7CBA3172321BBE300D9D738 /* Project object */ = {
			isa = PBXProject;
			attributes = {
				LastSwiftUpdateCheck = 1030;
				LastUpgradeCheck = 1030;
				ORGANIZATIONNAME = "Levy Cristian";
				TargetAttributes = {
					D7CBA31E2321BBE300D9D738 = {
						CreatedOnToolsVersion = 10.3;
					};
				};
			};
			buildConfigurationList = D7CBA31A2321BBE300D9D738 /* Build configuration list for PBXProject "ModalyCustomTransition" */;
			compatibilityVersion = "Xcode 9.3";
			developmentRegion = en;
			hasScannedForEncodings = 0;
			knownRegions = (
				en,
				Base,
			);
			mainGroup = D7CBA3162321BBE300D9D738;
			productRefGroup = D7CBA3202321BBE300D9D738 /* Products */;
			projectDirPath = "";
			projectRoot = "";
			targets = (
				D7CBA31E2321BBE300D9D738 /* ModalyCustomTransition */,
			);
		};
/* End PBXProject section */

/* Begin PBXResourcesBuildPhase section */
		D7CBA31D2321BBE300D9D738 /* Resources */ = {
			isa = PBXResourcesBuildPhase;
			buildActionMask = 2147483647;
			files = (
				D7CBA32D2321BBE500D9D738 /* LaunchScreen.storyboard in Resources */,
				D7CBA32A2321BBE500D9D738 /* Assets.xcassets in Resources */,
			);
			runOnlyForDeploymentPostprocessing = 0;
		};
/* End PBXResourcesBuildPhase section */

/* Begin PBXSourcesBuildPhase section */
		D7CBA31B2321BBE300D9D738 /* Sources */ = {
			isa = PBXSourcesBuildPhase;
			buildActionMask = 2147483647;
			files = (
				D7CBA3352321BD8000D9D738 /* SecondViewController.swift in Sources */,
				D7CBA33A2321BE9500D9D738 /* DismissAnimation.swift in Sources */,
				D7CBA3252321BBE300D9D738 /* ViewController.swift in Sources */,
				D7CBA3382321BE5B00D9D738 /* Interactor.swift in Sources */,
				D7CBA33C2321BEC400D9D738 /* PresentAnimation.swift in Sources */,
				D7CBA3232321BBE300D9D738 /* AppDelegate.swift in Sources */,
			);
			runOnlyForDeploymentPostprocessing = 0;
		};
/* End PBXSourcesBuildPhase section */

/* Begin PBXVariantGroup section */
		D7CBA32B2321BBE500D9D738 /* LaunchScreen.storyboard */ = {
			isa = PBXVariantGroup;
			children = (
				D7CBA32C2321BBE500D9D738 /* Base */,
			);
			name = LaunchScreen.storyboard;
			sourceTree = "<group>";
		};
/* End PBXVariantGroup section */

/* Begin XCBuildConfiguration section */
		D7CBA32F2321BBE500D9D738 /* Debug */ = {
			isa = XCBuildConfiguration;
			buildSettings = {
				ALWAYS_SEARCH_USER_PATHS = NO;
				CLANG_ANALYZER_NONNULL = YES;
				CLANG_ANALYZER_NUMBER_OBJECT_CONVERSION = YES_AGGRESSIVE;
				CLANG_CXX_LANGUAGE_STANDARD = "gnu++14";
				CLANG_CXX_LIBRARY = "libc++";
				CLANG_ENABLE_MODULES = YES;
				CLANG_ENABLE_OBJC_ARC = YES;
				CLANG_ENABLE_OBJC_WEAK = YES;
				CLANG_WARN_BLOCK_CAPTURE_AUTORELEASING = YES;
				CLANG_WARN_BOOL_CONVERSION = YES;
				CLANG_WARN_COMMA = YES;
				CLANG_WARN_CONSTANT_CONVERSION = YES;
				CLANG_WARN_DEPRECATED_OBJC_IMPLEMENTATIONS = YES;
				CLANG_WARN_DIRECT_OBJC_ISA_USAGE = YES_ERROR;
				CLANG_WARN_DOCUMENTATION_COMMENTS = YES;
				CLANG_WARN_EMPTY_BODY = YES;
				CLANG_WARN_ENUM_CONVERSION = YES;
				CLANG_WARN_INFINITE_RECURSION = YES;
				CLANG_WARN_INT_CONVERSION = YES;
				CLANG_WARN_NON_LITERAL_NULL_CONVERSION = YES;
				CLANG_WARN_OBJC_IMPLICIT_RETAIN_SELF = YES;
				CLANG_WARN_OBJC_LITERAL_CONVERSION = YES;
				CLANG_WARN_OBJC_ROOT_CLASS = YES_ERROR;
				CLANG_WARN_RANGE_LOOP_ANALYSIS = YES;
				CLANG_WARN_STRICT_PROTOTYPES = YES;
				CLANG_WARN_SUSPICIOUS_MOVE = YES;
				CLANG_WARN_UNGUARDED_AVAILABILITY = YES_AGGRESSIVE;
				CLANG_WARN_UNREACHABLE_CODE = YES;
				CLANG_WARN__DUPLICATE_METHOD_MATCH = YES;
				CODE_SIGN_IDENTITY = "iPhone Developer";
				COPY_PHASE_STRIP = NO;
				DEBUG_INFORMATION_FORMAT = dwarf;
				ENABLE_STRICT_OBJC_MSGSEND = YES;
				ENABLE_TESTABILITY = YES;
				GCC_C_LANGUAGE_STANDARD = gnu11;
				GCC_DYNAMIC_NO_PIC = NO;
				GCC_NO_COMMON_BLOCKS = YES;
				GCC_OPTIMIZATION_LEVEL = 0;
				GCC_PREPROCESSOR_DEFINITIONS = (
					"DEBUG=1",
					"$(inherited)",
				);
				GCC_WARN_64_TO_32_BIT_CONVERSION = YES;
				GCC_WARN_ABOUT_RETURN_TYPE = YES_ERROR;
				GCC_WARN_UNDECLARED_SELECTOR = YES;
				GCC_WARN_UNINITIALIZED_AUTOS = YES_AGGRESSIVE;
				GCC_WARN_UNUSED_FUNCTION = YES;
				GCC_WARN_UNUSED_VARIABLE = YES;
				IPHONEOS_DEPLOYMENT_TARGET = 12.4;
				MTL_ENABLE_DEBUG_INFO = INCLUDE_SOURCE;
				MTL_FAST_MATH = YES;
				ONLY_ACTIVE_ARCH = YES;
				SDKROOT = iphoneos;
				SWIFT_ACTIVE_COMPILATION_CONDITIONS = DEBUG;
				SWIFT_OPTIMIZATION_LEVEL = "-Onone";
			};
			name = Debug;
		};
		D7CBA3302321BBE500D9D738 /* Release */ = {
			isa = XCBuildConfiguration;
			buildSettings = {
				ALWAYS_SEARCH_USER_PATHS = NO;
				CLANG_ANALYZER_NONNULL = YES;
				CLANG_ANALYZER_NUMBER_OBJECT_CONVERSION = YES_AGGRESSIVE;
				CLANG_CXX_LANGUAGE_STANDARD = "gnu++14";
				CLANG_CXX_LIBRARY = "libc++";
				CLANG_ENABLE_MODULES = YES;
				CLANG_ENABLE_OBJC_ARC = YES;
				CLANG_ENABLE_OBJC_WEAK = YES;
				CLANG_WARN_BLOCK_CAPTURE_AUTORELEASING = YES;
				CLANG_WARN_BOOL_CONVERSION = YES;
				CLANG_WARN_COMMA = YES;
				CLANG_WARN_CONSTANT_CONVERSION = YES;
				CLANG_WARN_DEPRECATED_OBJC_IMPLEMENTATIONS = YES;
				CLANG_WARN_DIRECT_OBJC_ISA_USAGE = YES_ERROR;
				CLANG_WARN_DOCUMENTATION_COMMENTS = YES;
				CLANG_WARN_EMPTY_BODY = YES;
				CLANG_WARN_ENUM_CONVERSION = YES;
				CLANG_WARN_INFINITE_RECURSION = YES;
				CLANG_WARN_INT_CONVERSION = YES;
				CLANG_WARN_NON_LITERAL_NULL_CONVERSION = YES;
				CLANG_WARN_OBJC_IMPLICIT_RETAIN_SELF = YES;
				CLANG_WARN_OBJC_LITERAL_CONVERSION = YES;
				CLANG_WARN_OBJC_ROOT_CLASS = YES_ERROR;
				CLANG_WARN_RANGE_LOOP_ANALYSIS = YES;
				CLANG_WARN_STRICT_PROTOTYPES = YES;
				CLANG_WARN_SUSPICIOUS_MOVE = YES;
				CLANG_WARN_UNGUARDED_AVAILABILITY = YES_AGGRESSIVE;
				CLANG_WARN_UNREACHABLE_CODE = YES;
				CLANG_WARN__DUPLICATE_METHOD_MATCH = YES;
				CODE_SIGN_IDENTITY = "iPhone Developer";
				COPY_PHASE_STRIP = NO;
				DEBUG_INFORMATION_FORMAT = "dwarf-with-dsym";
				ENABLE_NS_ASSERTIONS = NO;
				ENABLE_STRICT_OBJC_MSGSEND = YES;
				GCC_C_LANGUAGE_STANDARD = gnu11;
				GCC_NO_COMMON_BLOCKS = YES;
				GCC_WARN_64_TO_32_BIT_CONVERSION = YES;
				GCC_WARN_ABOUT_RETURN_TYPE = YES_ERROR;
				GCC_WARN_UNDECLARED_SELECTOR = YES;
				GCC_WARN_UNINITIALIZED_AUTOS = YES_AGGRESSIVE;
				GCC_WARN_UNUSED_FUNCTION = YES;
				GCC_WARN_UNUSED_VARIABLE = YES;
				IPHONEOS_DEPLOYMENT_TARGET = 12.4;
				MTL_ENABLE_DEBUG_INFO = NO;
				MTL_FAST_MATH = YES;
				SDKROOT = iphoneos;
				SWIFT_COMPILATION_MODE = wholemodule;
				SWIFT_OPTIMIZATION_LEVEL = "-O";
				VALIDATE_PRODUCT = YES;
			};
			name = Release;
		};
		D7CBA3322321BBE500D9D738 /* Debug */ = {
			isa = XCBuildConfiguration;
			buildSettings = {
				ASSETCATALOG_COMPILER_APPICON_NAME = AppIcon;
				CODE_SIGN_STYLE = Automatic;
				DEVELOPMENT_TEAM = 84MA3JMGLA;
				INFOPLIST_FILE = ModalyCustomTransition/Info.plist;
				LD_RUNPATH_SEARCH_PATHS = (
					"$(inherited)",
					"@executable_path/Frameworks",
				);
				PRODUCT_BUNDLE_IDENTIFIER = br.alu.ufc.cristian.levy.ModalyCustomTransition;
				PRODUCT_NAME = "$(TARGET_NAME)";
				SWIFT_VERSION = 5.0;
				TARGETED_DEVICE_FAMILY = "1,2";
			};
			name = Debug;
		};
		D7CBA3332321BBE500D9D738 /* Release */ = {
			isa = XCBuildConfiguration;
			buildSettings = {
				ASSETCATALOG_COMPILER_APPICON_NAME = AppIcon;
				CODE_SIGN_STYLE = Automatic;
				DEVELOPMENT_TEAM = 84MA3JMGLA;
				INFOPLIST_FILE = ModalyCustomTransition/Info.plist;
				LD_RUNPATH_SEARCH_PATHS = (
					"$(inherited)",
					"@executable_path/Frameworks",
				);
				PRODUCT_BUNDLE_IDENTIFIER = br.alu.ufc.cristian.levy.ModalyCustomTransition;
				PRODUCT_NAME = "$(TARGET_NAME)";
				SWIFT_VERSION = 5.0;
				TARGETED_DEVICE_FAMILY = "1,2";
			};
			name = Release;
		};
/* End XCBuildConfiguration section */

/* Begin XCConfigurationList section */
		D7CBA31A2321BBE300D9D738 /* Build configuration list for PBXProject "ModalyCustomTransition" */ = {
			isa = XCConfigurationList;
			buildConfigurations = (
				D7CBA32F2321BBE500D9D738 /* Debug */,
				D7CBA3302321BBE500D9D738 /* Release */,
			);
			defaultConfigurationIsVisible = 0;
			defaultConfigurationName = Release;
		};
		D7CBA3312321BBE500D9D738 /* Build configuration list for PBXNativeTarget "ModalyCustomTransition" */ = {
			isa = XCConfigurationList;
			buildConfigurations = (
				D7CBA3322321BBE500D9D738 /* Debug */,
				D7CBA3332321BBE500D9D738 /* Release */,
			);
			defaultConfigurationIsVisible = 0;
			defaultConfigurationName = Release;
		};
/* End XCConfigurationList section */
	};
	rootObject = D7CBA3172321BBE300D9D738 /* Project object */;
}
